{
  "name": "npm-proj-1706182699102-0.7563152670113933lH2LTh",
  "lockfileVersion": 3,
  "requires": true,
  "packages": {
    "": {
      "dependencies": {
        "dompurify": "^3.0.7"
      }
    },
    "node_modules/dompurify": {
      "version": "3.0.7",
      "resolved": "https://registry.npmjs.org/dompurify/-/dompurify-3.0.7.tgz",
      "integrity": "sha512-BViYTZoqP3ak/ULKOc101y+CtHDUvBsVgSxIF1ku0HmK6BRf+C03MC+tArMvOPtVtZp83DDh5puywKDu4sbVjQ=="
    }
  }
}
